
Microsoft Visual Studio Solution File, Format Version 12.00
# Visual Studio Version 16
VisualStudioVersion = 16.0.31313.79
MinimumVisualStudioVersion = 10.0.40219.1
Project("{8BC9CEB8-8B4A-11D0-8D11-00A0C91BC942}") = "One_Week_Raytracing", "One_Week_Raytracing.vcxproj", "{EA484C49-39BE-4247-940B-574B54D8D4F4}"
EndProject
Global
	GlobalSection(SolutionConfigurationPlatforms) = preSolution
		Debug|x64 = Debug|x64
		Debug|x86 = Debug|x86
		Release|x64 = Release|x64
		Release|x86 = Release|x86
	EndGlobalSection
	GlobalSection(ProjectConfigurationPlatforms) = postSolution
		{EA484C49-39BE-4247-940B-574B54D8D4F4}.Debug|x64.ActiveCfg = Debug|x64
		{EA484C49-39BE-4247-940B-574B54D8D4F4}.Debug|x64.Build.0 = Debug|x64
		{EA484C49-39BE-4247-940B-574B54D8D4F4}.Debug|x86.ActiveCfg = Debug|Win32
		{EA484C49-39BE-4247-940B-574B54D8D4F4}.Debug|x86.Build.0 = Debug|Win32
		{EA484C49-39BE-4247-940B-574B54D8D4F4}.Release|x64.ActiveCfg = Release|x64
		{EA484C49-39BE-4247-940B-574B54D8D4F4}.Release|x64.Build.0 = Release|x64
		{EA484C49-39BE-4247-940B-574B54D8D4F4}.Release|x86.ActiveCfg = Release|Win32
		{EA484C49-39BE-4247-940B-574B54D8D4F4}.Release|x86.Build.0 = Release|Win32
	EndGlobalSection
	GlobalSection(SolutionProperties) = preSolution
		HideSolutionNode = FALSE
	EndGlobalSection
	GlobalSection(ExtensibilityGlobals) = postSolution
		SolutionGuid = {295D4AF3-0019-4038-B785-B80ACF22AEF4}
	EndGlobalSection
EndGlobal
